
Microsoft Visual Studio Solution File, Format Version 12.00
# Visual Studio Version 17
VisualStudioVersion = 17.0.31903.59
MinimumVisualStudioVersion = 10.0.40219.1
Project("{9A19103F-16F7-4668-BE54-9A1E7A4F7556}") = "BoardGameScoring.Domain", "BoardGameScoring.Domain\BoardGameScoring.Domain.csproj", "{71C1F313-9804-4689-8C1F-271AF6351746}"
EndProject
Project("{9A19103F-16F7-4668-BE54-9A1E7A4F7556}") = "BoardGameScoring.Application", "BoardGameScoring.Application\BoardGameScoring.Application.csproj", "{034E9C74-7D4F-4F29-A6A7-E3FD6594D9C0}"
EndProject
Project("{9A19103F-16F7-4668-BE54-9A1E7A4F7556}") = "BoardGameScoring.Infrastructure", "BoardGameScoring.Infrastructure\BoardGameScoring.Infrastructure.csproj", "{420FBBC6-67FD-4E8C-9DC5-4AF4C9ECDCBF}"
EndProject
Project("{9A19103F-16F7-4668-BE54-9A1E7A4F7556}") = "BoardGameScoring.WebUI.Server", "BoardGameScoring.WebUI.Server\BoardGameScoring.WebUI.Server.csproj", "{1A08CCD4-51C5-4F00-90BF-E17C706619A3}"
EndProject
Global
	GlobalSection(SolutionConfigurationPlatforms) = preSolution
		Debug|Any CPU = Debug|Any CPU
		Release|Any CPU = Release|Any CPU
	EndGlobalSection
	GlobalSection(ProjectConfigurationPlatforms) = postSolution
		{71C1F313-9804-4689-8C1F-271AF6351746}.Debug|Any CPU.ActiveCfg = Debug|Any CPU
		{71C1F313-9804-4689-8C1F-271AF6351746}.Debug|Any CPU.Build.0 = Debug|Any CPU
		{71C1F313-9804-4689-8C1F-271AF6351746}.Release|Any CPU.ActiveCfg = Release|Any CPU
		{71C1F313-9804-4689-8C1F-271AF6351746}.Release|Any CPU.Build.0 = Release|Any CPU
		{034E9C74-7D4F-4F29-A6A7-E3FD6594D9C0}.Debug|Any CPU.ActiveCfg = Debug|Any CPU
		{034E9C74-7D4F-4F29-A6A7-E3FD6594D9C0}.Debug|Any CPU.Build.0 = Debug|Any CPU
		{034E9C74-7D4F-4F29-A6A7-E3FD6594D9C0}.Release|Any CPU.ActiveCfg = Release|Any CPU
		{034E9C74-7D4F-4F29-A6A7-E3FD6594D9C0}.Release|Any CPU.Build.0 = Release|Any CPU
		{420FBBC6-67FD-4E8C-9DC5-4AF4C9ECDCBF}.Debug|Any CPU.ActiveCfg = Debug|Any CPU
		{420FBBC6-67FD-4E8C-9DC5-4AF4C9ECDCBF}.Debug|Any CPU.Build.0 = Debug|Any CPU
		{420FBBC6-67FD-4E8C-9DC5-4AF4C9ECDCBF}.Release|Any CPU.ActiveCfg = Release|Any CPU
		{420FBBC6-67FD-4E8C-9DC5-4AF4C9ECDCBF}.Release|Any CPU.Build.0 = Release|Any CPU
		{1A08CCD4-51C5-4F00-90BF-E17C706619A3}.Debug|Any CPU.ActiveCfg = Debug|Any CPU
		{1A08CCD4-51C5-4F00-90BF-E17C706619A3}.Debug|Any CPU.Build.0 = Debug|Any CPU
		{1A08CCD4-51C5-4F00-90BF-E17C706619A3}.Release|Any CPU.ActiveCfg = Release|Any CPU
		{1A08CCD4-51C5-4F00-90BF-E17C706619A3}.Release|Any CPU.Build.0 = Release|Any CPU
	EndGlobalSection
	GlobalSection(SolutionProperties) = preSolution
		HideSolutionNode = FALSE
	EndGlobalSection
	GlobalSection(ExtensibilityGlobals) = postSolution
		SolutionGuid = {F3153541-C30B-4CAC-B8CC-8ED2348652D7}
	EndGlobalSection
EndGlobal
