
Microsoft Visual Studio Solution File, Format Version 12.00
# Visual Studio Version 17
VisualStudioVersion = 17.0.31903.59
MinimumVisualStudioVersion = 10.0.40219.1
Project("{9A19103F-16F7-4668-BE54-9A1E7A4F7556}") = "BoardGameScoring.Domain", "..\testbg\BoardGameScoring.Domain\BoardGameScoring.Domain.csproj", "{E9CA151D-61AD-4180-A4C3-2BA63C6D9D56}"
EndProject
Project("{9A19103F-16F7-4668-BE54-9A1E7A4F7556}") = "BoardGameScoring.Application", "..\testbg\BoardGameScoring.Application\BoardGameScoring.Application.csproj", "{D3AB23A8-E253-435F-92B5-F8A29D8DABD1}"
EndProject
Project("{9A19103F-16F7-4668-BE54-9A1E7A4F7556}") = "BoardGameScoring.Infrastructure", "..\testbg\BoardGameScoring.Infrastructure\BoardGameScoring.Infrastructure.csproj", "{2962E176-9C97-454B-B883-FE0EEA141071}"
EndProject
Global
	GlobalSection(SolutionConfigurationPlatforms) = preSolution
		Debug|Any CPU = Debug|Any CPU
		Release|Any CPU = Release|Any CPU
	EndGlobalSection
	GlobalSection(ProjectConfigurationPlatforms) = postSolution
		{E9CA151D-61AD-4180-A4C3-2BA63C6D9D56}.Debug|Any CPU.ActiveCfg = Debug|Any CPU
		{E9CA151D-61AD-4180-A4C3-2BA63C6D9D56}.Debug|Any CPU.Build.0 = Debug|Any CPU
		{E9CA151D-61AD-4180-A4C3-2BA63C6D9D56}.Release|Any CPU.ActiveCfg = Release|Any CPU
		{E9CA151D-61AD-4180-A4C3-2BA63C6D9D56}.Release|Any CPU.Build.0 = Release|Any CPU
		{D3AB23A8-E253-435F-92B5-F8A29D8DABD1}.Debug|Any CPU.ActiveCfg = Debug|Any CPU
		{D3AB23A8-E253-435F-92B5-F8A29D8DABD1}.Debug|Any CPU.Build.0 = Debug|Any CPU
		{D3AB23A8-E253-435F-92B5-F8A29D8DABD1}.Release|Any CPU.ActiveCfg = Release|Any CPU
		{D3AB23A8-E253-435F-92B5-F8A29D8DABD1}.Release|Any CPU.Build.0 = Release|Any CPU
		{2962E176-9C97-454B-B883-FE0EEA141071}.Debug|Any CPU.ActiveCfg = Debug|Any CPU
		{2962E176-9C97-454B-B883-FE0EEA141071}.Debug|Any CPU.Build.0 = Debug|Any CPU
		{2962E176-9C97-454B-B883-FE0EEA141071}.Release|Any CPU.ActiveCfg = Release|Any CPU
		{2962E176-9C97-454B-B883-FE0EEA141071}.Release|Any CPU.Build.0 = Release|Any CPU
	EndGlobalSection
	GlobalSection(SolutionProperties) = preSolution
		HideSolutionNode = FALSE
	EndGlobalSection
EndGlobal
